
Microsoft Visual Studio Solution File, Format Version 12.00
# Visual Studio Version 17
VisualStudioVersion = 17.4.33205.214
MinimumVisualStudioVersion = 10.0.40219.1
Project("{FAE04EC0-301F-11D3-BF4B-00C04F79EFBC}") = "projeto calcula frete", "projeto calcula frete\projeto calcula frete.csproj", "{F7CE6601-6BF3-49C0-856F-A99DD3CE2851}"
EndProject
Global
	GlobalSection(SolutionConfigurationPlatforms) = preSolution
		Debug|Any CPU = Debug|Any CPU
		Release|Any CPU = Release|Any CPU
	EndGlobalSection
	GlobalSection(ProjectConfigurationPlatforms) = postSolution
		{F7CE6601-6BF3-49C0-856F-A99DD3CE2851}.Debug|Any CPU.ActiveCfg = Debug|Any CPU
		{F7CE6601-6BF3-49C0-856F-A99DD3CE2851}.Debug|Any CPU.Build.0 = Debug|Any CPU
		{F7CE6601-6BF3-49C0-856F-A99DD3CE2851}.Release|Any CPU.ActiveCfg = Release|Any CPU
		{F7CE6601-6BF3-49C0-856F-A99DD3CE2851}.Release|Any CPU.Build.0 = Release|Any CPU
	EndGlobalSection
	GlobalSection(SolutionProperties) = preSolution
		HideSolutionNode = FALSE
	EndGlobalSection
	GlobalSection(ExtensibilityGlobals) = postSolution
		SolutionGuid = {FC24C76D-E051-46AB-B4E6-7566709FCAAC}
	EndGlobalSection
EndGlobal
